
Microsoft Visual Studio Solution File, Format Version 12.00
# Visual Studio Version 16
VisualStudioVersion = 16.0.29613.14
MinimumVisualStudioVersion = 10.0.40219.1
Project("{9092AA53-FB77-4645-B42D-1CCCA6BD08BD}") = "JS", "JS\JS.njsproj", "{84DE1F50-066A-4699-82FB-E320A25293FC}"
EndProject
Project("{FAE04EC0-301F-11D3-BF4B-00C04F79EFBC}") = "DotNet", "DotNet\DotNet.csproj", "{CEBD795A-4EBF-45B0-8AA2-4F07877FD0BC}"
EndProject
Global
	GlobalSection(SolutionConfigurationPlatforms) = preSolution
		Debug|Any CPU = Debug|Any CPU
		Release|Any CPU = Release|Any CPU
	EndGlobalSection
	GlobalSection(ProjectConfigurationPlatforms) = postSolution
		{84DE1F50-066A-4699-82FB-E320A25293FC}.Debug|Any CPU.ActiveCfg = Debug|Any CPU
		{84DE1F50-066A-4699-82FB-E320A25293FC}.Debug|Any CPU.Build.0 = Debug|Any CPU
		{84DE1F50-066A-4699-82FB-E320A25293FC}.Release|Any CPU.ActiveCfg = Release|Any CPU
		{84DE1F50-066A-4699-82FB-E320A25293FC}.Release|Any CPU.Build.0 = Release|Any CPU
		{CEBD795A-4EBF-45B0-8AA2-4F07877FD0BC}.Debug|Any CPU.ActiveCfg = Debug|Any CPU
		{CEBD795A-4EBF-45B0-8AA2-4F07877FD0BC}.Debug|Any CPU.Build.0 = Debug|Any CPU
		{CEBD795A-4EBF-45B0-8AA2-4F07877FD0BC}.Release|Any CPU.ActiveCfg = Release|Any CPU
		{CEBD795A-4EBF-45B0-8AA2-4F07877FD0BC}.Release|Any CPU.Build.0 = Release|Any CPU
	EndGlobalSection
	GlobalSection(SolutionProperties) = preSolution
		HideSolutionNode = FALSE
	EndGlobalSection
	GlobalSection(ExtensibilityGlobals) = postSolution
		SolutionGuid = {3A4E227F-7821-465A-8262-82EB5D0409AF}
	EndGlobalSection
EndGlobal
